// !$*UTF8*$!
{
	archiveVersion = 1;
	classes = {
	};
	objectVersion = 46;
	objects = {

/* Begin PBXBuildFile section */
		9FC330EC1F6F859600CE96D8 /* AppDelegate.swift in Sources */ = {isa = PBXBuildFile; fileRef = 9FC330EB1F6F859600CE96D8 /* AppDelegate.swift */; };
		9FC330EE1F6F859600CE96D8 /* ViewController.swift in Sources */ = {isa = PBXBuildFile; fileRef = 9FC330ED1F6F859600CE96D8 /* ViewController.swift */; };
		9FC330F01F6F859600CE96D8 /* Assets.xcassets in Resources */ = {isa = PBXBuildFile; fileRef = 9FC330EF1F6F859600CE96D8 /* Assets.xcassets */; };
		9FC330F31F6F859600CE96D8 /* Main.storyboard in Resources */ = {isa = PBXBuildFile; fileRef = 9FC330F11F6F859600CE96D8 /* Main.storyboard */; };
/* End PBXBuildFile section */

/* Begin PBXFileReference section */
		9FC330E81F6F859600CE96D8 /* NotchApp.app */ = {isa = PBXFileReference; explicitFileType = wrapper.application; includeInIndex = 0; path = NotchApp.app; sourceTree = BUILT_PRODUCTS_DIR; };
		9FC330EB1F6F859600CE96D8 /* AppDelegate.swift */ = {isa = PBXFileReference; lastKnownFileType = sourcecode.swift; path = AppDelegate.swift; sourceTree = "<group>"; };
		9FC330ED1F6F859600CE96D8 /* ViewController.swift */ = {isa = PBXFileReference; lastKnownFileType = sourcecode.swift; path = ViewController.swift; sourceTree = "<group>"; };
		9FC330EF1F6F859600CE96D8 /* Assets.xcassets */ = {isa = PBXFileReference; lastKnownFileType = folder.assetcatalog; path = Assets.xcassets; sourceTree = "<group>"; };
		9FC330F21F6F859600CE96D8 /* Base */ = {isa = PBXFileReference; lastKnownFileType = file.storyboard; name = Base; path = Base.lproj/Main.storyboard; sourceTree = "<group>"; };
		9FC330F41F6F859600CE96D8 /* Info.plist */ = {isa = PBXFileReference; lastKnownFileType = text.plist.xml; path = Info.plist; sourceTree = "<group>"; };
/* End PBXFileReference section */

/* Begin PBXFrameworksBuildPhase section */
		9FC330E51F6F859600CE96D8 /* Frameworks */ = {
			isa = PBXFrameworksBuildPhase;
			buildActionMask = 2147483647;
			files = (
			);
			runOnlyForDeploymentPostprocessing = 0;
		};
/* End PBXFrameworksBuildPhase section */

/* Begin PBXGroup section */
		9FC330DF1F6F859600CE96D8 = {
			isa = PBXGroup;
			children = (
				9FC330EA1F6F859600CE96D8 /* NotchApp */,
				9FC330E91F6F859600CE96D8 /* Products */,
			);
			sourceTree = "<group>";
		};
		9FC330E91F6F859600CE96D8 /* Products */ = {
			isa = PBXGroup;
			children = (
				9FC330E81F6F859600CE96D8 /* NotchApp.app */,
			);
			name = Products;
			sourceTree = "<group>";
		};
		9FC330EA1F6F859600CE96D8 /* NotchApp */ = {
			isa = PBXGroup;
			children = (
				9FC330EB1F6F859600CE96D8 /* AppDelegate.swift */,
				9FC330ED1F6F859600CE96D8 /* ViewController.swift */,
				9FC330EF1F6F859600CE96D8 /* Assets.xcassets */,
				9FC330F11F6F859600CE96D8 /* Main.storyboard */,
				9FC330F41F6F859600CE96D8 /* Info.plist */,
			);
			path = NotchApp;
			sourceTree = "<group>";
		};
/* End PBXGroup section */

/* Begin PBXNativeTarget section */
		9FC330E71F6F859600CE96D8 /* NotchApp */ = {
			isa = PBXNativeTarget;
			buildConfigurationList = 9FC330F71F6F859600CE96D8 /* Build configuration list for PBXNativeTarget "NotchApp" */;
			buildPhases = (
				9FC330E41F6F859600CE96D8 /* Sources */,
				9FC330E51F6F859600CE96D8 /* Frameworks */,
				9FC330E61F6F859600CE96D8 /* Resources */,
			);
			buildRules = (
			);
			dependencies = (
			);
			name = NotchApp;
			productName = NotchApp;
			productReference = 9FC330E81F6F859600CE96D8 /* NotchApp.app */;
			productType = "com.apple.product-type.application";
		};
/* End PBXNativeTarget section */

/* Begin PBXProject section */
		9FC330E01F6F859600CE96D8 /* Project object */ = {
			isa = PBXProject;
			attributes = {
				LastSwiftUpdateCheck = 0720;
				LastUpgradeCheck = 0720;
				TargetAttributes = {
					9FC330E71F6F859600CE96D8 = {
						CreatedOnToolsVersion = 7.2.1;
					};
				};
			};
			buildConfigurationList = 9FC330E31F6F859600CE96D8 /* Build configuration list for PBXProject "NotchApp" */;
			compatibilityVersion = "Xcode 3.2";
			developmentRegion = English;
			hasScannedForEncodings = 0;
			knownRegions = (
				en,
				Base,
			);
			mainGroup = 9FC330DF1F6F859600CE96D8;
			productRefGroup = 9FC330E91F6F859600CE96D8 /* Products */;
			projectDirPath = "";
			projectRoot = "";
			targets = (
				9FC330E71F6F859600CE96D8 /* NotchApp */,
			);
		};
/* End PBXProject section */

/* Begin PBXResourcesBuildPhase section */
		9FC330E61F6F859600CE96D8 /* Resources */ = {
			isa = PBXResourcesBuildPhase;
			buildActionMask = 2147483647;
			files = (
				9FC330F01F6F859600CE96D8 /* Assets.xcassets in Resources */,
				9FC330F31F6F859600CE96D8 /* Main.storyboard in Resources */,
			);
			runOnlyForDeploymentPostprocessing = 0;
		};
/* End PBXResourcesBuildPhase section */

/* Begin PBXSourcesBuildPhase section */
		9FC330E41F6F859600CE96D8 /* Sources */ = {
			isa = PBXSourcesBuildPhase;
			buildActionMask = 2147483647;
			files = (
				9FC330EE1F6F859600CE96D8 /* ViewController.swift in Sources */,
				9FC330EC1F6F859600CE96D8 /* AppDelegate.swift in Sources */,
			);
			runOnlyForDeploymentPostprocessing = 0;
		};
/* End PBXSourcesBuildPhase section */

/* Begin PBXVariantGroup section */
		9FC330F11F6F859600CE96D8 /* Main.storyboard */ = {
			isa = PBXVariantGroup;
			children = (
				9FC330F21F6F859600CE96D8 /* Base */,
			);
			name = Main.storyboard;
			sourceTree = "<group>";
		};
/* End PBXVariantGroup section */

/* Begin XCBuildConfiguration section */
		9FC330F51F6F859600CE96D8 /* Debug */ = {
			isa = XCBuildConfiguration;
			buildSettings = {
				ALWAYS_SEARCH_USER_PATHS = NO;
				CLANG_CXX_LANGUAGE_STANDARD = "gnu++0x";
				CLANG_CXX_LIBRARY = "libc++";
				CLANG_ENABLE_MODULES = YES;
				CLANG_ENABLE_OBJC_ARC = YES;
				CLANG_WARN_BOOL_CONVERSION = YES;
				CLANG_WARN_CONSTANT_CONVERSION = YES;
				CLANG_WARN_DIRECT_OBJC_ISA_USAGE = YES_ERROR;
				CLANG_WARN_EMPTY_BODY = YES;
				CLANG_WARN_ENUM_CONVERSION = YES;
				CLANG_WARN_INT_CONVERSION = YES;
				CLANG_WARN_OBJC_ROOT_CLASS = YES_ERROR;
				CLANG_WARN_UNREACHABLE_CODE = YES;
				CLANG_WARN__DUPLICATE_METHOD_MATCH = YES;
				CODE_SIGN_IDENTITY = "-";
				COPY_PHASE_STRIP = NO;
				DEBUG_INFORMATION_FORMAT = dwarf;
				ENABLE_STRICT_OBJC_MSGSEND = YES;
				ENABLE_TESTABILITY = YES;
				GCC_C_LANGUAGE_STANDARD = gnu99;
				GCC_DYNAMIC_NO_PIC = NO;
				GCC_NO_COMMON_BLOCKS = YES;
				GCC_OPTIMIZATION_LEVEL = 0;
				GCC_PREPROCESSOR_DEFINITIONS = (
					"DEBUG=1",
					"$(inherited)",
				);
				GCC_WARN_64_TO_32_BIT_CONVERSION = YES;
				GCC_WARN_ABOUT_RETURN_TYPE = YES_ERROR;
				GCC_WARN_UNDECLARED_SELECTOR = YES;
				GCC_WARN_UNINITIALIZED_AUTOS = YES_AGGRESSIVE;
				GCC_WARN_UNUSED_FUNCTION = YES;
				GCC_WARN_UNUSED_VARIABLE = YES;
				MACOSX_DEPLOYMENT_TARGET = 10.10;
				MTL_ENABLE_DEBUG_INFO = YES;
				ONLY_ACTIVE_ARCH = YES;
				SDKROOT = macosx;
				SWIFT_OPTIMIZATION_LEVEL = "-Onone";
			};
			name = Debug;
		};
		9FC330F61F6F859600CE96D8 /* Release */ = {
			isa = XCBuildConfiguration;
			buildSettings = {
				ALWAYS_SEARCH_USER_PATHS = NO;
				CLANG_CXX_LANGUAGE_STANDARD = "gnu++0x";
				CLANG_CXX_LIBRARY = "libc++";
				CLANG_ENABLE_MODULES = YES;
				CLANG_ENABLE_OBJC_ARC = YES;
				CLANG_WARN_BOOL_CONVERSION = YES;
				CLANG_WARN_CONSTANT_CONVERSION = YES;
				CLANG_WARN_DIRECT_OBJC_ISA_USAGE = YES_ERROR;
				CLANG_WARN_EMPTY_BODY = YES;
				CLANG_WARN_ENUM_CONVERSION = YES;
				CLANG_WARN_INT_CONVERSION = YES;
				CLANG_WARN_OBJC_ROOT_CLASS = YES_ERROR;
				CLANG_WARN_UNREACHABLE_CODE = YES;
				CLANG_WARN__DUPLICATE_METHOD_MATCH = YES;
				CODE_SIGN_IDENTITY = "-";
				COPY_PHASE_STRIP = NO;
				DEBUG_INFORMATION_FORMAT = "dwarf-with-dsym";
				ENABLE_NS_ASSERTIONS = NO;
				ENABLE_STRICT_OBJC_MSGSEND = YES;
				GCC_C_LANGUAGE_STANDARD = gnu99;
				GCC_NO_COMMON_BLOCKS = YES;
				GCC_WARN_64_TO_32_BIT_CONVERSION = YES;
				GCC_WARN_ABOUT_RETURN_TYPE = YES_ERROR;
				GCC_WARN_UNDECLARED_SELECTOR = YES;
				GCC_WARN_UNINITIALIZED_AUTOS = YES_AGGRESSIVE;
				GCC_WARN_UNUSED_FUNCTION = YES;
				GCC_WARN_UNUSED_VARIABLE = YES;
				MACOSX_DEPLOYMENT_TARGET = 10.10;
				MTL_ENABLE_DEBUG_INFO = NO;
				SDKROOT = macosx;
			};
			name = Release;
		};
		9FC330F81F6F859600CE96D8 /* Debug */ = {
			isa = XCBuildConfiguration;
			buildSettings = {
				ASSETCATALOG_COMPILER_APPICON_NAME = AppIcon;
				COMBINE_HIDPI_IMAGES = YES;
				INFOPLIST_FILE = NotchApp/Info.plist;
				LD_RUNPATH_SEARCH_PATHS = "$(inherited) @executable_path/../Frameworks";
				PRODUCT_BUNDLE_IDENTIFIER = com.funpost.NotchApp;
				PRODUCT_NAME = "$(TARGET_NAME)";
			};
			name = Debug;
		};
		9FC330F91F6F859600CE96D8 /* Release */ = {
			isa = XCBuildConfiguration;
			buildSettings = {
				ASSETCATALOG_COMPILER_APPICON_NAME = AppIcon;
				COMBINE_HIDPI_IMAGES = YES;
				INFOPLIST_FILE = NotchApp/Info.plist;
				LD_RUNPATH_SEARCH_PATHS = "$(inherited) @executable_path/../Frameworks";
				PRODUCT_BUNDLE_IDENTIFIER = com.funpost.NotchApp;
				PRODUCT_NAME = "$(TARGET_NAME)";
			};
			name = Release;
		};
/* End XCBuildConfiguration section */

/* Begin XCConfigurationList section */
		9FC330E31F6F859600CE96D8 /* Build configuration list for PBXProject "NotchApp" */ = {
			isa = XCConfigurationList;
			buildConfigurations = (
				9FC330F51F6F859600CE96D8 /* Debug */,
				9FC330F61F6F859600CE96D8 /* Release */,
			);
			defaultConfigurationIsVisible = 0;
			defaultConfigurationName = Release;
		};
		9FC330F71F6F859600CE96D8 /* Build configuration list for PBXNativeTarget "NotchApp" */ = {
			isa = XCConfigurationList;
			buildConfigurations = (
				9FC330F81F6F859600CE96D8 /* Debug */,
				9FC330F91F6F859600CE96D8 /* Release */,
			);
			defaultConfigurationIsVisible = 0;
		};
/* End XCConfigurationList section */
	};
	rootObject = 9FC330E01F6F859600CE96D8 /* Project object */;
}
